{
  "name": "grouper",
  "version": "1.0.0",
  "lockfileVersion": 2,
  "requires": true,
  "packages": {
    "": {
      "name": "grouper",
      "version": "1.0.0",
      "license": "ISC",
      "dependencies": {
        "@types/minimist": "^1.2.0",
        "array-flat-polyfill": "^1.0.1",
        "colors": "^1.4.0",
        "csv-parser": "^2.3.3",
        "fs": "^0.0.1-security",
        "minimist": "^1.2.5",
        "ts-node": "^9.1.1",
        "typescript": "^4.1.3",
        "underscore": "^1.11.0"
      },
      "devDependencies": {
        "@types/node": "^14.10.1",
        "@types/underscore": "^1.10.23"
      }
    },
    "node_modules/@types/minimist": {
      "version": "1.2.0",
      "license": "MIT"
    },
    "node_modules/@types/node": {
      "version": "14.10.1",
      "dev": true,
      "license": "MIT"
    },
    "node_modules/@types/underscore": {
      "version": "1.10.23",
      "dev": true,
      "license": "MIT"
    },
    "node_modules/arg": {
      "version": "4.1.3",
      "license": "MIT"
    },
    "node_modules/array-flat-polyfill": {
      "version": "1.0.1",
      "license": "CC0-1.0",
      "engines": {
        "node": ">=6.0.0"
      }
    },
    "node_modules/buffer-from": {
      "version": "1.1.1",
      "license": "MIT"
    },
    "node_modules/colors": {
      "version": "1.4.0",
      "license": "MIT",
      "engines": {
        "node": ">=0.1.90"
      }
    },
    "node_modules/create-require": {
      "version": "1.1.1",
      "license": "MIT"
    },
    "node_modules/csv-parser": {
      "version": "2.3.3",
      "license": "MIT",
      "dependencies": {
        "minimist": "^1.2.0",
        "through2": "^3.0.1"
      },
      "bin": {
        "csv-parser": "bin/csv-parser"
      },
      "engines": {
        "node": ">= 8.16.0"
      }
    },
    "node_modules/diff": {
      "version": "4.0.2",
      "license": "BSD-3-Clause",
      "engines": {
        "node": ">=0.3.1"
      }
    },
    "node_modules/fs": {
      "version": "0.0.1-security",
      "license": "ISC"
    },
    "node_modules/inherits": {
      "version": "2.0.4",
      "license": "ISC"
    },
    "node_modules/make-error": {
      "version": "1.3.6",
      "license": "ISC"
    },
    "node_modules/minimist": {
      "version": "1.2.5",
      "license": "MIT"
    },
    "node_modules/readable-stream": {
      "version": "3.6.0",
      "license": "MIT",
      "dependencies": {
        "inherits": "^2.0.3",
        "string_decoder": "^1.1.1",
        "util-deprecate": "^1.0.1"
      },
      "engines": {
        "node": ">= 6"
      }
    },
    "node_modules/safe-buffer": {
      "version": "5.2.1",
      "funding": [
        {
          "type": "github",
          "url": "https://github.com/sponsors/feross"
        },
        {
          "type": "patreon",
          "url": "https://www.patreon.com/feross"
        },
        {
          "type": "consulting",
          "url": "https://feross.org/support"
        }
      ],
      "license": "MIT"
    },
    "node_modules/source-map": {
      "version": "0.6.1",
      "license": "BSD-3-Clause",
      "engines": {
        "node": ">=0.10.0"
      }
    },
    "node_modules/source-map-support": {
      "version": "0.5.19",
      "license": "MIT",
      "dependencies": {
        "buffer-from": "^1.0.0",
        "source-map": "^0.6.0"
      }
    },
    "node_modules/string_decoder": {
      "version": "1.3.0",
      "license": "MIT",
      "dependencies": {
        "safe-buffer": "~5.2.0"
      }
    },
    "node_modules/through2": {
      "version": "3.0.2",
      "license": "MIT",
      "dependencies": {
        "inherits": "^2.0.4",
        "readable-stream": "2 || 3"
      }
    },
    "node_modules/ts-node": {
      "version": "9.1.1",
      "license": "MIT",
      "dependencies": {
        "arg": "^4.1.0",
        "create-require": "^1.1.0",
        "diff": "^4.0.1",
        "make-error": "^1.1.1",
        "source-map-support": "^0.5.17",
        "yn": "3.1.1"
      },
      "bin": {
        "ts-node": "dist/bin.js",
        "ts-node-script": "dist/bin-script.js",
        "ts-node-transpile-only": "dist/bin-transpile.js",
        "ts-script": "dist/bin-script-deprecated.js"
      },
      "engines": {
        "node": ">=10.0.0"
      },
      "peerDependencies": {
        "typescript": ">=2.7"
      }
    },
    "node_modules/typescript": {
      "version": "4.1.3",
      "license": "Apache-2.0",
      "bin": {
        "tsc": "bin/tsc",
        "tsserver": "bin/tsserver"
      },
      "engines": {
        "node": ">=4.2.0"
      }
    },
    "node_modules/underscore": {
      "version": "1.11.0",
      "license": "MIT"
    },
    "node_modules/util-deprecate": {
      "version": "1.0.2",
      "license": "MIT"
    },
    "node_modules/yn": {
      "version": "3.1.1",
      "license": "MIT",
      "engines": {
        "node": ">=6"
      }
    }
  },
  "dependencies": {
    "@types/minimist": {
      "version": "1.2.0"
    },
    "@types/node": {
      "version": "14.10.1",
      "dev": true
    },
    "@types/underscore": {
      "version": "1.10.23",
      "dev": true
    },
    "arg": {
      "version": "4.1.3"
    },
    "array-flat-polyfill": {
      "version": "1.0.1"
    },
    "buffer-from": {
      "version": "1.1.1"
    },
    "colors": {
      "version": "1.4.0"
    },
    "create-require": {
      "version": "1.1.1"
    },
    "csv-parser": {
      "version": "2.3.3",
      "requires": {
        "minimist": "^1.2.0",
        "through2": "^3.0.1"
      }
    },
    "diff": {
      "version": "4.0.2"
    },
    "fs": {
      "version": "0.0.1-security"
    },
    "inherits": {
      "version": "2.0.4"
    },
    "make-error": {
      "version": "1.3.6"
    },
    "minimist": {
      "version": "1.2.5"
    },
    "readable-stream": {
      "version": "3.6.0",
      "requires": {
        "inherits": "^2.0.3",
        "string_decoder": "^1.1.1",
        "util-deprecate": "^1.0.1"
      }
    },
    "safe-buffer": {
      "version": "5.2.1"
    },
    "source-map": {
      "version": "0.6.1"
    },
    "source-map-support": {
      "version": "0.5.19",
      "requires": {
        "buffer-from": "^1.0.0",
        "source-map": "^0.6.0"
      }
    },
    "string_decoder": {
      "version": "1.3.0",
      "requires": {
        "safe-buffer": "~5.2.0"
      }
    },
    "through2": {
      "version": "3.0.2",
      "requires": {
        "inherits": "^2.0.4",
        "readable-stream": "2 || 3"
      }
    },
    "ts-node": {
      "version": "9.1.1",
      "requires": {
        "arg": "^4.1.0",
        "create-require": "^1.1.0",
        "diff": "^4.0.1",
        "make-error": "^1.1.1",
        "source-map-support": "^0.5.17",
        "yn": "3.1.1"
      }
    },
    "typescript": {
      "version": "4.1.3"
    },
    "underscore": {
      "version": "1.11.0"
    },
    "util-deprecate": {
      "version": "1.0.2"
    },
    "yn": {
      "version": "3.1.1"
    }
  }
}
